// !$*UTF8*$!
{
	archiveVersion = 1;
	classes = {
	};
	objectVersion = 50;
	objects = {

/* Begin PBXBuildFile section */
		63D56B5DAC98D8FC65E5F192 /* Pods_InstagramClone.framework in Frameworks */ = {isa = PBXBuildFile; fileRef = B0BCA455DBF38B0C00A11C2D /* Pods_InstagramClone.framework */; };
		EAFDDD2023A9E1E400DF4010 /* AppDelegate.swift in Sources */ = {isa = PBXBuildFile; fileRef = EAFDDD1F23A9E1E400DF4010 /* AppDelegate.swift */; };
		EAFDDD2223A9E1E400DF4010 /* SceneDelegate.swift in Sources */ = {isa = PBXBuildFile; fileRef = EAFDDD2123A9E1E400DF4010 /* SceneDelegate.swift */; };
		EAFDDD2723A9E1E400DF4010 /* Main.storyboard in Resources */ = {isa = PBXBuildFile; fileRef = EAFDDD2523A9E1E400DF4010 /* Main.storyboard */; };
		EAFDDD2923A9E1E600DF4010 /* Assets.xcassets in Resources */ = {isa = PBXBuildFile; fileRef = EAFDDD2823A9E1E600DF4010 /* Assets.xcassets */; };
		EAFDDD2C23A9E1E600DF4010 /* LaunchScreen.storyboard in Resources */ = {isa = PBXBuildFile; fileRef = EAFDDD2A23A9E1E600DF4010 /* LaunchScreen.storyboard */; };
		EAFDDD3723A9E24A00DF4010 /* LoginVC.swift in Sources */ = {isa = PBXBuildFile; fileRef = EAFDDD3623A9E24A00DF4010 /* LoginVC.swift */; };
		EAFDDD3C23AA890400DF4010 /* Extensions.swift in Sources */ = {isa = PBXBuildFile; fileRef = EAFDDD3B23AA890400DF4010 /* Extensions.swift */; };
		EAFDDD3E23B10ED900DF4010 /* SignUpVC.swift in Sources */ = {isa = PBXBuildFile; fileRef = EAFDDD3D23B10ED900DF4010 /* SignUpVC.swift */; };
		EAFDDD4723B7C12800DF4010 /* GoogleService-Info.plist in Resources */ = {isa = PBXBuildFile; fileRef = EAFDDD4623B7C12800DF4010 /* GoogleService-Info.plist */; };
		EAFDDD4923B7C4BD00DF4010 /* Constants.swift in Sources */ = {isa = PBXBuildFile; fileRef = EAFDDD4823B7C4BD00DF4010 /* Constants.swift */; };
/* End PBXBuildFile section */

/* Begin PBXFileReference section */
		A82F7D1D07EB2AF86AE2197B /* Pods-InstagramClone.release.xcconfig */ = {isa = PBXFileReference; includeInIndex = 1; lastKnownFileType = text.xcconfig; name = "Pods-InstagramClone.release.xcconfig"; path = "Pods/Target Support Files/Pods-InstagramClone/Pods-InstagramClone.release.xcconfig"; sourceTree = "<group>"; };
		B0BCA455DBF38B0C00A11C2D /* Pods_InstagramClone.framework */ = {isa = PBXFileReference; explicitFileType = wrapper.framework; includeInIndex = 0; path = Pods_InstagramClone.framework; sourceTree = BUILT_PRODUCTS_DIR; };
		EAFDDD1C23A9E1E400DF4010 /* InstagramClone.app */ = {isa = PBXFileReference; explicitFileType = wrapper.application; includeInIndex = 0; path = InstagramClone.app; sourceTree = BUILT_PRODUCTS_DIR; };
		EAFDDD1F23A9E1E400DF4010 /* AppDelegate.swift */ = {isa = PBXFileReference; lastKnownFileType = sourcecode.swift; path = AppDelegate.swift; sourceTree = "<group>"; };
		EAFDDD2123A9E1E400DF4010 /* SceneDelegate.swift */ = {isa = PBXFileReference; lastKnownFileType = sourcecode.swift; path = SceneDelegate.swift; sourceTree = "<group>"; };
		EAFDDD2623A9E1E400DF4010 /* Base */ = {isa = PBXFileReference; lastKnownFileType = file.storyboard; name = Base; path = Base.lproj/Main.storyboard; sourceTree = "<group>"; };
		EAFDDD2823A9E1E600DF4010 /* Assets.xcassets */ = {isa = PBXFileReference; lastKnownFileType = folder.assetcatalog; path = Assets.xcassets; sourceTree = "<group>"; };
		EAFDDD2B23A9E1E600DF4010 /* Base */ = {isa = PBXFileReference; lastKnownFileType = file.storyboard; name = Base; path = Base.lproj/LaunchScreen.storyboard; sourceTree = "<group>"; };
		EAFDDD2D23A9E1E600DF4010 /* Info.plist */ = {isa = PBXFileReference; lastKnownFileType = text.plist.xml; path = Info.plist; sourceTree = "<group>"; };
		EAFDDD3623A9E24A00DF4010 /* LoginVC.swift */ = {isa = PBXFileReference; lastKnownFileType = sourcecode.swift; path = LoginVC.swift; sourceTree = "<group>"; };
		EAFDDD3B23AA890400DF4010 /* Extensions.swift */ = {isa = PBXFileReference; lastKnownFileType = sourcecode.swift; path = Extensions.swift; sourceTree = "<group>"; };
		EAFDDD3D23B10ED900DF4010 /* SignUpVC.swift */ = {isa = PBXFileReference; lastKnownFileType = sourcecode.swift; path = SignUpVC.swift; sourceTree = "<group>"; };
		EAFDDD4623B7C12800DF4010 /* GoogleService-Info.plist */ = {isa = PBXFileReference; fileEncoding = 4; lastKnownFileType = text.plist.xml; path = "GoogleService-Info.plist"; sourceTree = "<group>"; };
		EAFDDD4823B7C4BD00DF4010 /* Constants.swift */ = {isa = PBXFileReference; lastKnownFileType = sourcecode.swift; path = Constants.swift; sourceTree = "<group>"; };
		F6978B690D988A4ECB418DB7 /* Pods-InstagramClone.debug.xcconfig */ = {isa = PBXFileReference; includeInIndex = 1; lastKnownFileType = text.xcconfig; name = "Pods-InstagramClone.debug.xcconfig"; path = "Pods/Target Support Files/Pods-InstagramClone/Pods-InstagramClone.debug.xcconfig"; sourceTree = "<group>"; };
/* End PBXFileReference section */

/* Begin PBXFrameworksBuildPhase section */
		EAFDDD1923A9E1E400DF4010 /* Frameworks */ = {
			isa = PBXFrameworksBuildPhase;
			buildActionMask = 2147483647;
			files = (
				63D56B5DAC98D8FC65E5F192 /* Pods_InstagramClone.framework in Frameworks */,
			);
			runOnlyForDeploymentPostprocessing = 0;
		};
/* End PBXFrameworksBuildPhase section */

/* Begin PBXGroup section */
		325F4D66513114436927B374 /* Frameworks */ = {
			isa = PBXGroup;
			children = (
				B0BCA455DBF38B0C00A11C2D /* Pods_InstagramClone.framework */,
			);
			name = Frameworks;
			sourceTree = "<group>";
		};
		53778E6C9CE4497C7E65958C /* Pods */ = {
			isa = PBXGroup;
			children = (
				F6978B690D988A4ECB418DB7 /* Pods-InstagramClone.debug.xcconfig */,
				A82F7D1D07EB2AF86AE2197B /* Pods-InstagramClone.release.xcconfig */,
			);
			name = Pods;
			sourceTree = "<group>";
		};
		EAFDDD1323A9E1E400DF4010 = {
			isa = PBXGroup;
			children = (
				EAFDDD1E23A9E1E400DF4010 /* InstagramClone */,
				EAFDDD1D23A9E1E400DF4010 /* Products */,
				53778E6C9CE4497C7E65958C /* Pods */,
				EAFDDD4523B7A99700DF4010 /* Messages */,
				325F4D66513114436927B374 /* Frameworks */,
			);
			sourceTree = "<group>";
		};
		EAFDDD1D23A9E1E400DF4010 /* Products */ = {
			isa = PBXGroup;
			children = (
				EAFDDD1C23A9E1E400DF4010 /* InstagramClone.app */,
			);
			name = Products;
			sourceTree = "<group>";
		};
		EAFDDD1E23A9E1E400DF4010 /* InstagramClone */ = {
			isa = PBXGroup;
			children = (
				EAFDDD3A23AA887B00DF4010 /* Utils */,
				EAFDDD3523A9E20300DF4010 /* Model */,
				EAFDDD3423A9E1FF00DF4010 /* View */,
				EAFDDD3323A9E1FA00DF4010 /* Controller */,
				EAFDDD1F23A9E1E400DF4010 /* AppDelegate.swift */,
				EAFDDD2123A9E1E400DF4010 /* SceneDelegate.swift */,
				EAFDDD2523A9E1E400DF4010 /* Main.storyboard */,
				EAFDDD2823A9E1E600DF4010 /* Assets.xcassets */,
				EAFDDD2A23A9E1E600DF4010 /* LaunchScreen.storyboard */,
				EAFDDD2D23A9E1E600DF4010 /* Info.plist */,
				EAFDDD4623B7C12800DF4010 /* GoogleService-Info.plist */,
			);
			path = InstagramClone;
			sourceTree = "<group>";
		};
		EAFDDD3323A9E1FA00DF4010 /* Controller */ = {
			isa = PBXGroup;
			children = (
				EAFDDD3623A9E24A00DF4010 /* LoginVC.swift */,
				EAFDDD3D23B10ED900DF4010 /* SignUpVC.swift */,
			);
			path = Controller;
			sourceTree = "<group>";
		};
		EAFDDD3423A9E1FF00DF4010 /* View */ = {
			isa = PBXGroup;
			children = (
			);
			path = View;
			sourceTree = "<group>";
		};
		EAFDDD3523A9E20300DF4010 /* Model */ = {
			isa = PBXGroup;
			children = (
			);
			path = Model;
			sourceTree = "<group>";
		};
		EAFDDD3A23AA887B00DF4010 /* Utils */ = {
			isa = PBXGroup;
			children = (
				EAFDDD3B23AA890400DF4010 /* Extensions.swift */,
				EAFDDD4823B7C4BD00DF4010 /* Constants.swift */,
			);
			path = Utils;
			sourceTree = "<group>";
		};
		EAFDDD4523B7A99700DF4010 /* Messages */ = {
			isa = PBXGroup;
			children = (
			);
			path = Messages;
			sourceTree = "<group>";
		};
/* End PBXGroup section */

/* Begin PBXNativeTarget section */
		EAFDDD1B23A9E1E400DF4010 /* InstagramClone */ = {
			isa = PBXNativeTarget;
			buildConfigurationList = EAFDDD3023A9E1E600DF4010 /* Build configuration list for PBXNativeTarget "InstagramClone" */;
			buildPhases = (
				55EAB804D8D83D102D9A276C /* [CP] Check Pods Manifest.lock */,
				EAFDDD1823A9E1E400DF4010 /* Sources */,
				EAFDDD1923A9E1E400DF4010 /* Frameworks */,
				EAFDDD1A23A9E1E400DF4010 /* Resources */,
				89F439B524E2759EE075EC71 /* [CP] Embed Pods Frameworks */,
			);
			buildRules = (
			);
			dependencies = (
			);
			name = InstagramClone;
			productName = InstagramClone;
			productReference = EAFDDD1C23A9E1E400DF4010 /* InstagramClone.app */;
			productType = "com.apple.product-type.application";
		};
/* End PBXNativeTarget section */

/* Begin PBXProject section */
		EAFDDD1423A9E1E400DF4010 /* Project object */ = {
			isa = PBXProject;
			attributes = {
				LastSwiftUpdateCheck = 1130;
				LastUpgradeCheck = 1130;
				ORGANIZATIONNAME = "Vu Duong";
				TargetAttributes = {
					EAFDDD1B23A9E1E400DF4010 = {
						CreatedOnToolsVersion = 11.3;
					};
				};
			};
			buildConfigurationList = EAFDDD1723A9E1E400DF4010 /* Build configuration list for PBXProject "InstagramClone" */;
			compatibilityVersion = "Xcode 9.3";
			developmentRegion = en;
			hasScannedForEncodings = 0;
			knownRegions = (
				en,
				Base,
			);
			mainGroup = EAFDDD1323A9E1E400DF4010;
			productRefGroup = EAFDDD1D23A9E1E400DF4010 /* Products */;
			projectDirPath = "";
			projectRoot = "";
			targets = (
				EAFDDD1B23A9E1E400DF4010 /* InstagramClone */,
			);
		};
/* End PBXProject section */

/* Begin PBXResourcesBuildPhase section */
		EAFDDD1A23A9E1E400DF4010 /* Resources */ = {
			isa = PBXResourcesBuildPhase;
			buildActionMask = 2147483647;
			files = (
				EAFDDD2C23A9E1E600DF4010 /* LaunchScreen.storyboard in Resources */,
				EAFDDD4723B7C12800DF4010 /* GoogleService-Info.plist in Resources */,
				EAFDDD2923A9E1E600DF4010 /* Assets.xcassets in Resources */,
				EAFDDD2723A9E1E400DF4010 /* Main.storyboard in Resources */,
			);
			runOnlyForDeploymentPostprocessing = 0;
		};
/* End PBXResourcesBuildPhase section */

/* Begin PBXShellScriptBuildPhase section */
		55EAB804D8D83D102D9A276C /* [CP] Check Pods Manifest.lock */ = {
			isa = PBXShellScriptBuildPhase;
			buildActionMask = 2147483647;
			files = (
			);
			inputPaths = (
				"${PODS_PODFILE_DIR_PATH}/Podfile.lock",
				"${PODS_ROOT}/Manifest.lock",
			);
			name = "[CP] Check Pods Manifest.lock";
			outputPaths = (
				"$(DERIVED_FILE_DIR)/Pods-InstagramClone-checkManifestLockResult.txt",
			);
			runOnlyForDeploymentPostprocessing = 0;
			shellPath = /bin/sh;
			shellScript = "diff \"${PODS_PODFILE_DIR_PATH}/Podfile.lock\" \"${PODS_ROOT}/Manifest.lock\" > /dev/null\nif [ $? != 0 ] ; then\n    # print error to STDERR\n    echo \"error: The sandbox is not in sync with the Podfile.lock. Run 'pod install' or update your CocoaPods installation.\" >&2\n    exit 1\nfi\n# This output is used by Xcode 'outputs' to avoid re-running this script phase.\necho \"SUCCESS\" > \"${SCRIPT_OUTPUT_FILE_0}\"\n";
			showEnvVarsInLog = 0;
		};
		89F439B524E2759EE075EC71 /* [CP] Embed Pods Frameworks */ = {
			isa = PBXShellScriptBuildPhase;
			buildActionMask = 2147483647;
			files = (
			);
			inputPaths = (
				"${SRCROOT}/Pods/Target Support Files/Pods-InstagramClone/Pods-InstagramClone-frameworks.sh",
				"${BUILT_PRODUCTS_DIR}/BoringSSL-GRPC/openssl_grpc.framework",
				"${BUILT_PRODUCTS_DIR}/GTMSessionFetcher/GTMSessionFetcher.framework",
				"${BUILT_PRODUCTS_DIR}/GoogleUtilities/GoogleUtilities.framework",
				"${BUILT_PRODUCTS_DIR}/Protobuf/protobuf.framework",
				"${BUILT_PRODUCTS_DIR}/gRPC-C++/grpcpp.framework",
				"${BUILT_PRODUCTS_DIR}/gRPC-Core/grpc.framework",
				"${BUILT_PRODUCTS_DIR}/leveldb-library/leveldb.framework",
				"${BUILT_PRODUCTS_DIR}/nanopb/nanopb.framework",
			);
			name = "[CP] Embed Pods Frameworks";
			outputPaths = (
				"${TARGET_BUILD_DIR}/${FRAMEWORKS_FOLDER_PATH}/openssl_grpc.framework",
				"${TARGET_BUILD_DIR}/${FRAMEWORKS_FOLDER_PATH}/GTMSessionFetcher.framework",
				"${TARGET_BUILD_DIR}/${FRAMEWORKS_FOLDER_PATH}/GoogleUtilities.framework",
				"${TARGET_BUILD_DIR}/${FRAMEWORKS_FOLDER_PATH}/protobuf.framework",
				"${TARGET_BUILD_DIR}/${FRAMEWORKS_FOLDER_PATH}/grpcpp.framework",
				"${TARGET_BUILD_DIR}/${FRAMEWORKS_FOLDER_PATH}/grpc.framework",
				"${TARGET_BUILD_DIR}/${FRAMEWORKS_FOLDER_PATH}/leveldb.framework",
				"${TARGET_BUILD_DIR}/${FRAMEWORKS_FOLDER_PATH}/nanopb.framework",
			);
			runOnlyForDeploymentPostprocessing = 0;
			shellPath = /bin/sh;
			shellScript = "\"${SRCROOT}/Pods/Target Support Files/Pods-InstagramClone/Pods-InstagramClone-frameworks.sh\"\n";
			showEnvVarsInLog = 0;
		};
/* End PBXShellScriptBuildPhase section */

/* Begin PBXSourcesBuildPhase section */
		EAFDDD1823A9E1E400DF4010 /* Sources */ = {
			isa = PBXSourcesBuildPhase;
			buildActionMask = 2147483647;
			files = (
				EAFDDD2023A9E1E400DF4010 /* AppDelegate.swift in Sources */,
				EAFDDD3723A9E24A00DF4010 /* LoginVC.swift in Sources */,
				EAFDDD2223A9E1E400DF4010 /* SceneDelegate.swift in Sources */,
				EAFDDD3E23B10ED900DF4010 /* SignUpVC.swift in Sources */,
				EAFDDD3C23AA890400DF4010 /* Extensions.swift in Sources */,
				EAFDDD4923B7C4BD00DF4010 /* Constants.swift in Sources */,
			);
			runOnlyForDeploymentPostprocessing = 0;
		};
/* End PBXSourcesBuildPhase section */

/* Begin PBXVariantGroup section */
		EAFDDD2523A9E1E400DF4010 /* Main.storyboard */ = {
			isa = PBXVariantGroup;
			children = (
				EAFDDD2623A9E1E400DF4010 /* Base */,
			);
			name = Main.storyboard;
			sourceTree = "<group>";
		};
		EAFDDD2A23A9E1E600DF4010 /* LaunchScreen.storyboard */ = {
			isa = PBXVariantGroup;
			children = (
				EAFDDD2B23A9E1E600DF4010 /* Base */,
			);
			name = LaunchScreen.storyboard;
			sourceTree = "<group>";
		};
/* End PBXVariantGroup section */

/* Begin XCBuildConfiguration section */
		EAFDDD2E23A9E1E600DF4010 /* Debug */ = {
			isa = XCBuildConfiguration;
			buildSettings = {
				ALWAYS_SEARCH_USER_PATHS = NO;
				CLANG_ANALYZER_NONNULL = YES;
				CLANG_ANALYZER_NUMBER_OBJECT_CONVERSION = YES_AGGRESSIVE;
				CLANG_CXX_LANGUAGE_STANDARD = "gnu++14";
				CLANG_CXX_LIBRARY = "libc++";
				CLANG_ENABLE_MODULES = YES;
				CLANG_ENABLE_OBJC_ARC = YES;
				CLANG_ENABLE_OBJC_WEAK = YES;
				CLANG_WARN_BLOCK_CAPTURE_AUTORELEASING = YES;
				CLANG_WARN_BOOL_CONVERSION = YES;
				CLANG_WARN_COMMA = YES;
				CLANG_WARN_CONSTANT_CONVERSION = YES;
				CLANG_WARN_DEPRECATED_OBJC_IMPLEMENTATIONS = YES;
				CLANG_WARN_DIRECT_OBJC_ISA_USAGE = YES_ERROR;
				CLANG_WARN_DOCUMENTATION_COMMENTS = YES;
				CLANG_WARN_EMPTY_BODY = YES;
				CLANG_WARN_ENUM_CONVERSION = YES;
				CLANG_WARN_INFINITE_RECURSION = YES;
				CLANG_WARN_INT_CONVERSION = YES;
				CLANG_WARN_NON_LITERAL_NULL_CONVERSION = YES;
				CLANG_WARN_OBJC_IMPLICIT_RETAIN_SELF = YES;
				CLANG_WARN_OBJC_LITERAL_CONVERSION = YES;
				CLANG_WARN_OBJC_ROOT_CLASS = YES_ERROR;
				CLANG_WARN_RANGE_LOOP_ANALYSIS = YES;
				CLANG_WARN_STRICT_PROTOTYPES = YES;
				CLANG_WARN_SUSPICIOUS_MOVE = YES;
				CLANG_WARN_UNGUARDED_AVAILABILITY = YES_AGGRESSIVE;
				CLANG_WARN_UNREACHABLE_CODE = YES;
				CLANG_WARN__DUPLICATE_METHOD_MATCH = YES;
				COPY_PHASE_STRIP = NO;
				DEBUG_INFORMATION_FORMAT = dwarf;
				ENABLE_STRICT_OBJC_MSGSEND = YES;
				ENABLE_TESTABILITY = YES;
				GCC_C_LANGUAGE_STANDARD = gnu11;
				GCC_DYNAMIC_NO_PIC = NO;
				GCC_NO_COMMON_BLOCKS = YES;
				GCC_OPTIMIZATION_LEVEL = 0;
				GCC_PREPROCESSOR_DEFINITIONS = (
					"DEBUG=1",
					"$(inherited)",
				);
				GCC_WARN_64_TO_32_BIT_CONVERSION = YES;
				GCC_WARN_ABOUT_RETURN_TYPE = YES_ERROR;
				GCC_WARN_UNDECLARED_SELECTOR = YES;
				GCC_WARN_UNINITIALIZED_AUTOS = YES_AGGRESSIVE;
				GCC_WARN_UNUSED_FUNCTION = YES;
				GCC_WARN_UNUSED_VARIABLE = YES;
				IPHONEOS_DEPLOYMENT_TARGET = 13.2;
				MTL_ENABLE_DEBUG_INFO = INCLUDE_SOURCE;
				MTL_FAST_MATH = YES;
				ONLY_ACTIVE_ARCH = YES;
				SDKROOT = iphoneos;
				SWIFT_ACTIVE_COMPILATION_CONDITIONS = DEBUG;
				SWIFT_OPTIMIZATION_LEVEL = "-Onone";
			};
			name = Debug;
		};
		EAFDDD2F23A9E1E600DF4010 /* Release */ = {
			isa = XCBuildConfiguration;
			buildSettings = {
				ALWAYS_SEARCH_USER_PATHS = NO;
				CLANG_ANALYZER_NONNULL = YES;
				CLANG_ANALYZER_NUMBER_OBJECT_CONVERSION = YES_AGGRESSIVE;
				CLANG_CXX_LANGUAGE_STANDARD = "gnu++14";
				CLANG_CXX_LIBRARY = "libc++";
				CLANG_ENABLE_MODULES = YES;
				CLANG_ENABLE_OBJC_ARC = YES;
				CLANG_ENABLE_OBJC_WEAK = YES;
				CLANG_WARN_BLOCK_CAPTURE_AUTORELEASING = YES;
				CLANG_WARN_BOOL_CONVERSION = YES;
				CLANG_WARN_COMMA = YES;
				CLANG_WARN_CONSTANT_CONVERSION = YES;
				CLANG_WARN_DEPRECATED_OBJC_IMPLEMENTATIONS = YES;
				CLANG_WARN_DIRECT_OBJC_ISA_USAGE = YES_ERROR;
				CLANG_WARN_DOCUMENTATION_COMMENTS = YES;
				CLANG_WARN_EMPTY_BODY = YES;
				CLANG_WARN_ENUM_CONVERSION = YES;
				CLANG_WARN_INFINITE_RECURSION = YES;
				CLANG_WARN_INT_CONVERSION = YES;
				CLANG_WARN_NON_LITERAL_NULL_CONVERSION = YES;
				CLANG_WARN_OBJC_IMPLICIT_RETAIN_SELF = YES;
				CLANG_WARN_OBJC_LITERAL_CONVERSION = YES;
				CLANG_WARN_OBJC_ROOT_CLASS = YES_ERROR;
				CLANG_WARN_RANGE_LOOP_ANALYSIS = YES;
				CLANG_WARN_STRICT_PROTOTYPES = YES;
				CLANG_WARN_SUSPICIOUS_MOVE = YES;
				CLANG_WARN_UNGUARDED_AVAILABILITY = YES_AGGRESSIVE;
				CLANG_WARN_UNREACHABLE_CODE = YES;
				CLANG_WARN__DUPLICATE_METHOD_MATCH = YES;
				COPY_PHASE_STRIP = NO;
				DEBUG_INFORMATION_FORMAT = "dwarf-with-dsym";
				ENABLE_NS_ASSERTIONS = NO;
				ENABLE_STRICT_OBJC_MSGSEND = YES;
				GCC_C_LANGUAGE_STANDARD = gnu11;
				GCC_NO_COMMON_BLOCKS = YES;
				GCC_WARN_64_TO_32_BIT_CONVERSION = YES;
				GCC_WARN_ABOUT_RETURN_TYPE = YES_ERROR;
				GCC_WARN_UNDECLARED_SELECTOR = YES;
				GCC_WARN_UNINITIALIZED_AUTOS = YES_AGGRESSIVE;
				GCC_WARN_UNUSED_FUNCTION = YES;
				GCC_WARN_UNUSED_VARIABLE = YES;
				IPHONEOS_DEPLOYMENT_TARGET = 13.2;
				MTL_ENABLE_DEBUG_INFO = NO;
				MTL_FAST_MATH = YES;
				SDKROOT = iphoneos;
				SWIFT_COMPILATION_MODE = wholemodule;
				SWIFT_OPTIMIZATION_LEVEL = "-O";
				VALIDATE_PRODUCT = YES;
			};
			name = Release;
		};
		EAFDDD3123A9E1E600DF4010 /* Debug */ = {
			isa = XCBuildConfiguration;
			baseConfigurationReference = F6978B690D988A4ECB418DB7 /* Pods-InstagramClone.debug.xcconfig */;
			buildSettings = {
				ASSETCATALOG_COMPILER_APPICON_NAME = AppIcon;
				CODE_SIGN_STYLE = Automatic;
				DEVELOPMENT_TEAM = SL2PQN527J;
				INFOPLIST_FILE = InstagramClone/Info.plist;
				LD_RUNPATH_SEARCH_PATHS = (
					"$(inherited)",
					"@executable_path/Frameworks",
				);
				PRODUCT_BUNDLE_IDENTIFIER = com.vuduong.InstagramClone;
				PRODUCT_NAME = "$(TARGET_NAME)";
				SWIFT_VERSION = 5.0;
				TARGETED_DEVICE_FAMILY = "1,2";
			};
			name = Debug;
		};
		EAFDDD3223A9E1E600DF4010 /* Release */ = {
			isa = XCBuildConfiguration;
			baseConfigurationReference = A82F7D1D07EB2AF86AE2197B /* Pods-InstagramClone.release.xcconfig */;
			buildSettings = {
				ASSETCATALOG_COMPILER_APPICON_NAME = AppIcon;
				CODE_SIGN_STYLE = Automatic;
				DEVELOPMENT_TEAM = SL2PQN527J;
				INFOPLIST_FILE = InstagramClone/Info.plist;
				LD_RUNPATH_SEARCH_PATHS = (
					"$(inherited)",
					"@executable_path/Frameworks",
				);
				PRODUCT_BUNDLE_IDENTIFIER = com.vuduong.InstagramClone;
				PRODUCT_NAME = "$(TARGET_NAME)";
				SWIFT_VERSION = 5.0;
				TARGETED_DEVICE_FAMILY = "1,2";
			};
			name = Release;
		};
/* End XCBuildConfiguration section */

/* Begin XCConfigurationList section */
		EAFDDD1723A9E1E400DF4010 /* Build configuration list for PBXProject "InstagramClone" */ = {
			isa = XCConfigurationList;
			buildConfigurations = (
				EAFDDD2E23A9E1E600DF4010 /* Debug */,
				EAFDDD2F23A9E1E600DF4010 /* Release */,
			);
			defaultConfigurationIsVisible = 0;
			defaultConfigurationName = Release;
		};
		EAFDDD3023A9E1E600DF4010 /* Build configuration list for PBXNativeTarget "InstagramClone" */ = {
			isa = XCConfigurationList;
			buildConfigurations = (
				EAFDDD3123A9E1E600DF4010 /* Debug */,
				EAFDDD3223A9E1E600DF4010 /* Release */,
			);
			defaultConfigurationIsVisible = 0;
			defaultConfigurationName = Release;
		};
/* End XCConfigurationList section */
	};
	rootObject = EAFDDD1423A9E1E400DF4010 /* Project object */;
}
